
Microsoft Visual Studio Solution File, Format Version 12.00
# Visual Studio 15
VisualStudioVersion = 15.0.26403.7
MinimumVisualStudioVersion = 10.0.40219.1
Project("{FAE04EC0-301F-11D3-BF4B-00C04F79EFBC}") = "01.00 .ParkingLot", "01.00 .ParkingLot\01.00 .ParkingLot.csproj", "{7F1284FE-23A8-4CB9-AC85-08A7C6A89A40}"
EndProject
Project("{FAE04EC0-301F-11D3-BF4B-00C04F79EFBC}") = "02.00 SoftUniParty", "02.00 SoftUniParty\02.00 SoftUniParty.csproj", "{F2C7243B-8D40-4A60-9608-D6FAA8CEC580}"
EndProject
Project("{FAE04EC0-301F-11D3-BF4B-00C04F79EFBC}") = "03.00 CountSameValuesInArray", "03.00 CountSameValuesInArray\03.00 CountSameValuesInArray.csproj", "{88A9F7E4-7CD6-41AD-888A-842C2C761F89}"
EndProject
Project("{FAE04EC0-301F-11D3-BF4B-00C04F79EFBC}") = "04.00 AcademyGraduation", "04.00 AcademyGraduation\04.00 AcademyGraduation.csproj", "{052190D7-7B18-4E50-A2CF-01F2DE75CE49}"
EndProject
Project("{FAE04EC0-301F-11D3-BF4B-00C04F79EFBC}") = "01.01 .ParkingLot", "01.01 .ParkingLot\01.01 .ParkingLot.csproj", "{74D1CDFF-C5C8-416E-B6A4-859C34FAFDCE}"
EndProject
Project("{FAE04EC0-301F-11D3-BF4B-00C04F79EFBC}") = "02.01 SoftUniParty", "02.01 SoftUniParty\02.01 SoftUniParty.csproj", "{CFEF0F85-DE85-44AB-B77B-4C1BC55B894F}"
EndProject
Project("{FAE04EC0-301F-11D3-BF4B-00C04F79EFBC}") = "02.02 SoftUniParty", "02.02 SoftUniParty\02.02 SoftUniParty.csproj", "{55968829-7E69-4E63-8563-F469BF2DBFC1}"
EndProject
Project("{FAE04EC0-301F-11D3-BF4B-00C04F79EFBC}") = "02.03 SoftUniParty", "02.03 SoftUniParty\02.03 SoftUniParty.csproj", "{3169761A-E514-4C85-8DD8-35C6646EA792}"
EndProject
Project("{FAE04EC0-301F-11D3-BF4B-00C04F79EFBC}") = "03.01 CountSameValuesInArray", "03.01 CountSameValuesInArray\03.01 CountSameValuesInArray.csproj", "{5C63F57F-0E85-4E84-AC17-4058E682D006}"
EndProject
Project("{FAE04EC0-301F-11D3-BF4B-00C04F79EFBC}") = "03.02 CountSameValuesInArray", "03.02 CountSameValuesInArray\03.02 CountSameValuesInArray.csproj", "{B9A46949-A961-426F-8DC1-AF4F871E6FE5}"
EndProject
Project("{FAE04EC0-301F-11D3-BF4B-00C04F79EFBC}") = "04.01 AcademyGraduation", "04.01 AcademyGraduation\04.01 AcademyGraduation.csproj", "{5D5458CD-2C51-488E-938C-7CFC46D7B29D}"
EndProject
Project("{FAE04EC0-301F-11D3-BF4B-00C04F79EFBC}") = "04.02 AcademyGraduation", "04.02 AcademyGraduation\04.02 AcademyGraduation.csproj", "{4002DED8-84DC-4767-A270-084314A857EE}"
EndProject
Global
	GlobalSection(SolutionConfigurationPlatforms) = preSolution
		Debug|Any CPU = Debug|Any CPU
		Release|Any CPU = Release|Any CPU
	EndGlobalSection
	GlobalSection(ProjectConfigurationPlatforms) = postSolution
		{7F1284FE-23A8-4CB9-AC85-08A7C6A89A40}.Debug|Any CPU.ActiveCfg = Debug|Any CPU
		{7F1284FE-23A8-4CB9-AC85-08A7C6A89A40}.Debug|Any CPU.Build.0 = Debug|Any CPU
		{7F1284FE-23A8-4CB9-AC85-08A7C6A89A40}.Release|Any CPU.ActiveCfg = Release|Any CPU
		{7F1284FE-23A8-4CB9-AC85-08A7C6A89A40}.Release|Any CPU.Build.0 = Release|Any CPU
		{F2C7243B-8D40-4A60-9608-D6FAA8CEC580}.Debug|Any CPU.ActiveCfg = Debug|Any CPU
		{F2C7243B-8D40-4A60-9608-D6FAA8CEC580}.Debug|Any CPU.Build.0 = Debug|Any CPU
		{F2C7243B-8D40-4A60-9608-D6FAA8CEC580}.Release|Any CPU.ActiveCfg = Release|Any CPU
		{F2C7243B-8D40-4A60-9608-D6FAA8CEC580}.Release|Any CPU.Build.0 = Release|Any CPU
		{88A9F7E4-7CD6-41AD-888A-842C2C761F89}.Debug|Any CPU.ActiveCfg = Debug|Any CPU
		{88A9F7E4-7CD6-41AD-888A-842C2C761F89}.Debug|Any CPU.Build.0 = Debug|Any CPU
		{88A9F7E4-7CD6-41AD-888A-842C2C761F89}.Release|Any CPU.ActiveCfg = Release|Any CPU
		{88A9F7E4-7CD6-41AD-888A-842C2C761F89}.Release|Any CPU.Build.0 = Release|Any CPU
		{052190D7-7B18-4E50-A2CF-01F2DE75CE49}.Debug|Any CPU.ActiveCfg = Debug|Any CPU
		{052190D7-7B18-4E50-A2CF-01F2DE75CE49}.Debug|Any CPU.Build.0 = Debug|Any CPU
		{052190D7-7B18-4E50-A2CF-01F2DE75CE49}.Release|Any CPU.ActiveCfg = Release|Any CPU
		{052190D7-7B18-4E50-A2CF-01F2DE75CE49}.Release|Any CPU.Build.0 = Release|Any CPU
		{74D1CDFF-C5C8-416E-B6A4-859C34FAFDCE}.Debug|Any CPU.ActiveCfg = Debug|Any CPU
		{74D1CDFF-C5C8-416E-B6A4-859C34FAFDCE}.Debug|Any CPU.Build.0 = Debug|Any CPU
		{74D1CDFF-C5C8-416E-B6A4-859C34FAFDCE}.Release|Any CPU.ActiveCfg = Release|Any CPU
		{74D1CDFF-C5C8-416E-B6A4-859C34FAFDCE}.Release|Any CPU.Build.0 = Release|Any CPU
		{CFEF0F85-DE85-44AB-B77B-4C1BC55B894F}.Debug|Any CPU.ActiveCfg = Debug|Any CPU
		{CFEF0F85-DE85-44AB-B77B-4C1BC55B894F}.Debug|Any CPU.Build.0 = Debug|Any CPU
		{CFEF0F85-DE85-44AB-B77B-4C1BC55B894F}.Release|Any CPU.ActiveCfg = Release|Any CPU
		{CFEF0F85-DE85-44AB-B77B-4C1BC55B894F}.Release|Any CPU.Build.0 = Release|Any CPU
		{55968829-7E69-4E63-8563-F469BF2DBFC1}.Debug|Any CPU.ActiveCfg = Debug|Any CPU
		{55968829-7E69-4E63-8563-F469BF2DBFC1}.Debug|Any CPU.Build.0 = Debug|Any CPU
		{55968829-7E69-4E63-8563-F469BF2DBFC1}.Release|Any CPU.ActiveCfg = Release|Any CPU
		{55968829-7E69-4E63-8563-F469BF2DBFC1}.Release|Any CPU.Build.0 = Release|Any CPU
		{3169761A-E514-4C85-8DD8-35C6646EA792}.Debug|Any CPU.ActiveCfg = Debug|Any CPU
		{3169761A-E514-4C85-8DD8-35C6646EA792}.Debug|Any CPU.Build.0 = Debug|Any CPU
		{3169761A-E514-4C85-8DD8-35C6646EA792}.Release|Any CPU.ActiveCfg = Release|Any CPU
		{3169761A-E514-4C85-8DD8-35C6646EA792}.Release|Any CPU.Build.0 = Release|Any CPU
		{5C63F57F-0E85-4E84-AC17-4058E682D006}.Debug|Any CPU.ActiveCfg = Debug|Any CPU
		{5C63F57F-0E85-4E84-AC17-4058E682D006}.Debug|Any CPU.Build.0 = Debug|Any CPU
		{5C63F57F-0E85-4E84-AC17-4058E682D006}.Release|Any CPU.ActiveCfg = Release|Any CPU
		{5C63F57F-0E85-4E84-AC17-4058E682D006}.Release|Any CPU.Build.0 = Release|Any CPU
		{B9A46949-A961-426F-8DC1-AF4F871E6FE5}.Debug|Any CPU.ActiveCfg = Debug|Any CPU
		{B9A46949-A961-426F-8DC1-AF4F871E6FE5}.Debug|Any CPU.Build.0 = Debug|Any CPU
		{B9A46949-A961-426F-8DC1-AF4F871E6FE5}.Release|Any CPU.ActiveCfg = Release|Any CPU
		{B9A46949-A961-426F-8DC1-AF4F871E6FE5}.Release|Any CPU.Build.0 = Release|Any CPU
		{5D5458CD-2C51-488E-938C-7CFC46D7B29D}.Debug|Any CPU.ActiveCfg = Debug|Any CPU
		{5D5458CD-2C51-488E-938C-7CFC46D7B29D}.Debug|Any CPU.Build.0 = Debug|Any CPU
		{5D5458CD-2C51-488E-938C-7CFC46D7B29D}.Release|Any CPU.ActiveCfg = Release|Any CPU
		{5D5458CD-2C51-488E-938C-7CFC46D7B29D}.Release|Any CPU.Build.0 = Release|Any CPU
		{4002DED8-84DC-4767-A270-084314A857EE}.Debug|Any CPU.ActiveCfg = Debug|Any CPU
		{4002DED8-84DC-4767-A270-084314A857EE}.Debug|Any CPU.Build.0 = Debug|Any CPU
		{4002DED8-84DC-4767-A270-084314A857EE}.Release|Any CPU.ActiveCfg = Release|Any CPU
		{4002DED8-84DC-4767-A270-084314A857EE}.Release|Any CPU.Build.0 = Release|Any CPU
	EndGlobalSection
	GlobalSection(SolutionProperties) = preSolution
		HideSolutionNode = FALSE
	EndGlobalSection
EndGlobal
